
Microsoft Visual Studio Solution File, Format Version 12.00
# Visual Studio Version 17
VisualStudioVersion = 17.7.34009.444
MinimumVisualStudioVersion = 10.0.40219.1
Project("{FAE04EC0-301F-11D3-BF4B-00C04F79EFBC}") = "COMP212_SarahShields_Lab2", "COMP212_SarahShields_Lab2\COMP212_SarahShields_Lab2.csproj", "{B7736AC7-3D95-4964-BE39-C9D2B30FFF29}"
EndProject
Global
	GlobalSection(SolutionConfigurationPlatforms) = preSolution
		Debug|Any CPU = Debug|Any CPU
		Release|Any CPU = Release|Any CPU
	EndGlobalSection
	GlobalSection(ProjectConfigurationPlatforms) = postSolution
		{B7736AC7-3D95-4964-BE39-C9D2B30FFF29}.Debug|Any CPU.ActiveCfg = Debug|Any CPU
		{B7736AC7-3D95-4964-BE39-C9D2B30FFF29}.Debug|Any CPU.Build.0 = Debug|Any CPU
		{B7736AC7-3D95-4964-BE39-C9D2B30FFF29}.Release|Any CPU.ActiveCfg = Release|Any CPU
		{B7736AC7-3D95-4964-BE39-C9D2B30FFF29}.Release|Any CPU.Build.0 = Release|Any CPU
	EndGlobalSection
	GlobalSection(SolutionProperties) = preSolution
		HideSolutionNode = FALSE
	EndGlobalSection
	GlobalSection(ExtensibilityGlobals) = postSolution
		SolutionGuid = {28D64385-434E-4FC0-A675-7A4D70141EF8}
	EndGlobalSection
EndGlobal
